
Microsoft Visual Studio Solution File, Format Version 12.00
# Visual Studio 2013
VisualStudioVersion = 12.0.40629.0
MinimumVisualStudioVersion = 10.0.40219.1
Project("{8BC9CEB8-8B4A-11D0-8D11-00A0C91BC942}") = "LC009", "LC009.vcxproj", "{647C0FBB-A701-4FB4-8D14-42AB5A63C0BA}"
EndProject
Global
	GlobalSection(SolutionConfigurationPlatforms) = preSolution
		Debug|Win32 = Debug|Win32
		Release|Win32 = Release|Win32
	EndGlobalSection
	GlobalSection(ProjectConfigurationPlatforms) = postSolution
		{647C0FBB-A701-4FB4-8D14-42AB5A63C0BA}.Debug|Win32.ActiveCfg = Debug|Win32
		{647C0FBB-A701-4FB4-8D14-42AB5A63C0BA}.Debug|Win32.Build.0 = Debug|Win32
		{647C0FBB-A701-4FB4-8D14-42AB5A63C0BA}.Release|Win32.ActiveCfg = Release|Win32
		{647C0FBB-A701-4FB4-8D14-42AB5A63C0BA}.Release|Win32.Build.0 = Release|Win32
	EndGlobalSection
	GlobalSection(SolutionProperties) = preSolution
		HideSolutionNode = FALSE
	EndGlobalSection
EndGlobal
